
Microsoft Visual Studio Solution File, Format Version 12.00
# Visual Studio Version 17
VisualStudioVersion = 17.1.32228.430
MinimumVisualStudioVersion = 10.0.40219.1
Project("{FAE04EC0-301F-11D3-BF4B-00C04F79EFBC}") = "ProjAPIEF20042023", "ProjAPIEF20042023\ProjAPIEF20042023.csproj", "{4BF3B4A4-C983-4905-BD9A-ED0169749ADE}"
EndProject
Global
	GlobalSection(SolutionConfigurationPlatforms) = preSolution
		Debug|Any CPU = Debug|Any CPU
		Release|Any CPU = Release|Any CPU
	EndGlobalSection
	GlobalSection(ProjectConfigurationPlatforms) = postSolution
		{4BF3B4A4-C983-4905-BD9A-ED0169749ADE}.Debug|Any CPU.ActiveCfg = Debug|Any CPU
		{4BF3B4A4-C983-4905-BD9A-ED0169749ADE}.Debug|Any CPU.Build.0 = Debug|Any CPU
		{4BF3B4A4-C983-4905-BD9A-ED0169749ADE}.Release|Any CPU.ActiveCfg = Release|Any CPU
		{4BF3B4A4-C983-4905-BD9A-ED0169749ADE}.Release|Any CPU.Build.0 = Release|Any CPU
	EndGlobalSection
	GlobalSection(SolutionProperties) = preSolution
		HideSolutionNode = FALSE
	EndGlobalSection
	GlobalSection(ExtensibilityGlobals) = postSolution
		SolutionGuid = {67164C2A-A368-4B11-A27C-F40E4482A316}
	EndGlobalSection
EndGlobal
